
Microsoft Visual Studio Solution File, Format Version 12.00
# Visual Studio Version 16
VisualStudioVersion = 16.0.31205.134
MinimumVisualStudioVersion = 10.0.40219.1
Project("{9A19103F-16F7-4668-BE54-9A1E7A4F7556}") = "Domain", "Domain\Domain.csproj", "{CFE2C759-0F3D-4135-9132-4FA36C4D6650}"
EndProject
Project("{9A19103F-16F7-4668-BE54-9A1E7A4F7556}") = "StoreSystem", "StoreSystem\StoreSystem.csproj", "{87B19AFF-A40C-4D2C-9267-AE2B3D535603}"
EndProject
Project("{9A19103F-16F7-4668-BE54-9A1E7A4F7556}") = "StoreSystem.Test", "StoreSystem.Test\StoreSystem.Test.csproj", "{DB1AC98B-90F4-44F3-8CF1-BEC3A3B2665F}"
EndProject
Project("{9A19103F-16F7-4668-BE54-9A1E7A4F7556}") = "DataLink", "DataLink\DataLink.csproj", "{71811726-2DA1-4AF5-A57F-9D8C56DC4C83}"
EndProject
Project("{9A19103F-16F7-4668-BE54-9A1E7A4F7556}") = "DataLink.Test", "DataLink.Test\DataLink.Test.csproj", "{C4EDA0B8-C01C-460D-9914-9A4B840F7E20}"
EndProject
Project("{9A19103F-16F7-4668-BE54-9A1E7A4F7556}") = "StateHistory", "StateHistory\StateHistory.csproj", "{88851A97-BB71-4D70-84D1-8BD5D49776F8}"
EndProject
Project("{9A19103F-16F7-4668-BE54-9A1E7A4F7556}") = "StateHistory.Test", "StateHistory.Test\StateHistory.Test.csproj", "{7FF2CBFC-811C-41C6-B604-8A36B651BA28}"
EndProject
Project("{FAE04EC0-301F-11D3-BF4B-00C04F79EFBC}") = "Presentation", "Presentation\Presentation.csproj", "{75AC3B8F-76DD-47C1-BEBE-6C177B22CDC5}"
EndProject
Global
	GlobalSection(SolutionConfigurationPlatforms) = preSolution
		Debug|Any CPU = Debug|Any CPU
		Release|Any CPU = Release|Any CPU
	EndGlobalSection
	GlobalSection(ProjectConfigurationPlatforms) = postSolution
		{CFE2C759-0F3D-4135-9132-4FA36C4D6650}.Debug|Any CPU.ActiveCfg = Debug|Any CPU
		{CFE2C759-0F3D-4135-9132-4FA36C4D6650}.Debug|Any CPU.Build.0 = Debug|Any CPU
		{CFE2C759-0F3D-4135-9132-4FA36C4D6650}.Release|Any CPU.ActiveCfg = Release|Any CPU
		{CFE2C759-0F3D-4135-9132-4FA36C4D6650}.Release|Any CPU.Build.0 = Release|Any CPU
		{87B19AFF-A40C-4D2C-9267-AE2B3D535603}.Debug|Any CPU.ActiveCfg = Debug|Any CPU
		{87B19AFF-A40C-4D2C-9267-AE2B3D535603}.Debug|Any CPU.Build.0 = Debug|Any CPU
		{87B19AFF-A40C-4D2C-9267-AE2B3D535603}.Release|Any CPU.ActiveCfg = Release|Any CPU
		{87B19AFF-A40C-4D2C-9267-AE2B3D535603}.Release|Any CPU.Build.0 = Release|Any CPU
		{DB1AC98B-90F4-44F3-8CF1-BEC3A3B2665F}.Debug|Any CPU.ActiveCfg = Debug|Any CPU
		{DB1AC98B-90F4-44F3-8CF1-BEC3A3B2665F}.Debug|Any CPU.Build.0 = Debug|Any CPU
		{DB1AC98B-90F4-44F3-8CF1-BEC3A3B2665F}.Release|Any CPU.ActiveCfg = Release|Any CPU
		{DB1AC98B-90F4-44F3-8CF1-BEC3A3B2665F}.Release|Any CPU.Build.0 = Release|Any CPU
		{71811726-2DA1-4AF5-A57F-9D8C56DC4C83}.Debug|Any CPU.ActiveCfg = Debug|Any CPU
		{71811726-2DA1-4AF5-A57F-9D8C56DC4C83}.Debug|Any CPU.Build.0 = Debug|Any CPU
		{71811726-2DA1-4AF5-A57F-9D8C56DC4C83}.Release|Any CPU.ActiveCfg = Release|Any CPU
		{71811726-2DA1-4AF5-A57F-9D8C56DC4C83}.Release|Any CPU.Build.0 = Release|Any CPU
		{C4EDA0B8-C01C-460D-9914-9A4B840F7E20}.Debug|Any CPU.ActiveCfg = Debug|Any CPU
		{C4EDA0B8-C01C-460D-9914-9A4B840F7E20}.Debug|Any CPU.Build.0 = Debug|Any CPU
		{C4EDA0B8-C01C-460D-9914-9A4B840F7E20}.Release|Any CPU.ActiveCfg = Release|Any CPU
		{C4EDA0B8-C01C-460D-9914-9A4B840F7E20}.Release|Any CPU.Build.0 = Release|Any CPU
		{88851A97-BB71-4D70-84D1-8BD5D49776F8}.Debug|Any CPU.ActiveCfg = Debug|Any CPU
		{88851A97-BB71-4D70-84D1-8BD5D49776F8}.Debug|Any CPU.Build.0 = Debug|Any CPU
		{88851A97-BB71-4D70-84D1-8BD5D49776F8}.Release|Any CPU.ActiveCfg = Release|Any CPU
		{88851A97-BB71-4D70-84D1-8BD5D49776F8}.Release|Any CPU.Build.0 = Release|Any CPU
		{7FF2CBFC-811C-41C6-B604-8A36B651BA28}.Debug|Any CPU.ActiveCfg = Debug|Any CPU
		{7FF2CBFC-811C-41C6-B604-8A36B651BA28}.Debug|Any CPU.Build.0 = Debug|Any CPU
		{7FF2CBFC-811C-41C6-B604-8A36B651BA28}.Release|Any CPU.ActiveCfg = Release|Any CPU
		{7FF2CBFC-811C-41C6-B604-8A36B651BA28}.Release|Any CPU.Build.0 = Release|Any CPU
		{75AC3B8F-76DD-47C1-BEBE-6C177B22CDC5}.Debug|Any CPU.ActiveCfg = Debug|Any CPU
		{75AC3B8F-76DD-47C1-BEBE-6C177B22CDC5}.Debug|Any CPU.Build.0 = Debug|Any CPU
		{75AC3B8F-76DD-47C1-BEBE-6C177B22CDC5}.Release|Any CPU.ActiveCfg = Release|Any CPU
		{75AC3B8F-76DD-47C1-BEBE-6C177B22CDC5}.Release|Any CPU.Build.0 = Release|Any CPU
	EndGlobalSection
	GlobalSection(SolutionProperties) = preSolution
		HideSolutionNode = FALSE
	EndGlobalSection
	GlobalSection(ExtensibilityGlobals) = postSolution
		SolutionGuid = {A39B281B-1516-4188-B36A-6BA23945F5B4}
	EndGlobalSection
EndGlobal
